
Microsoft Visual Studio Solution File, Format Version 12.00
# Visual Studio Version 17
VisualStudioVersion = 17.7.34031.279
MinimumVisualStudioVersion = 10.0.40219.1
Project("{2150E333-8FDC-42A3-9474-1A3956D46DE8}") = "1. Introduction", "1. Introduction", "{B648CA7A-6524-4FBA-99C4-DC713B09DD87}"
EndProject
Project("{9A19103F-16F7-4668-BE54-9A1E7A4F7556}") = "1. Introduction", "1. Introduction\1. Introduction.csproj", "{8C316C4D-27EA-456F-8663-CB7954818109}"
EndProject
Project("{2150E333-8FDC-42A3-9474-1A3956D46DE8}") = "3. Oprette første program", "3. Oprette første program", "{6CF2AE14-EC3B-4598-8D76-05BCCCBE81FC}"
EndProject
Project("{9A19103F-16F7-4668-BE54-9A1E7A4F7556}") = "3. Opret første program", "3. Opret første program\3. Opret første program.csproj", "{4AE2692A-DC9E-42A6-B6D5-CF72E2A5A608}"
EndProject
Project("{2150E333-8FDC-42A3-9474-1A3956D46DE8}") = "4. Dissecting first program", "4. Dissecting first program", "{5AFA1A4B-DF8C-4B32-B369-D2DA2EA4EF75}"
EndProject
Project("{9A19103F-16F7-4668-BE54-9A1E7A4F7556}") = "4. Dissecting the First Program", "4. Dissecting the First Program\4. Dissecting the First Program.csproj", "{A109CF67-3A40-41B6-BED7-18F07EE5BB7C}"
EndProject
Project("{2150E333-8FDC-42A3-9474-1A3956D46DE8}") = "5. Debugger", "5. Debugger", "{73BCA01B-2F0D-4DBD-B9E2-F5D6947D329C}"
EndProject
Project("{FAE04EC0-301F-11D3-BF4B-00C04F79EFBC}") = "5. Debugger", "5. Variabler\5. Debugger.csproj", "{4D0B27D3-014D-4F05-BF46-41B88889260E}"
EndProject
Project("{2150E333-8FDC-42A3-9474-1A3956D46DE8}") = "6. Variables", "6. Variables", "{FE3F780F-DBAD-48A9-8334-C76374471A5A}"
EndProject
Project("{9A19103F-16F7-4668-BE54-9A1E7A4F7556}") = "6. Variables", "6. Variables\6. Variables.csproj", "{D97D253C-CF47-4F89-A25B-F00B31FA41E1}"
EndProject
Project("{2150E333-8FDC-42A3-9474-1A3956D46DE8}") = "7. If statements", "7. If statements", "{4CC5CD6B-F675-4352-9BCC-C18CD95795AB}"
EndProject
Project("{9A19103F-16F7-4668-BE54-9A1E7A4F7556}") = "7. If statements", "7. If statements\7. If statements.csproj", "{A60FF047-4CEC-4DB0-ADC7-AF2BE7274714}"
EndProject
Project("{2150E333-8FDC-42A3-9474-1A3956D46DE8}") = "8. Operators, Expressions, Statements", "8. Operators, Expressions, Statements", "{A9BC3064-CC87-4F37-A423-212A9488B3A6}"
EndProject
Project("{9A19103F-16F7-4668-BE54-9A1E7A4F7556}") = "8. Operators, Expressions, Statements", "8. Operators, Expressions, Statements\8. Operators, Expressions, Statements.csproj", "{2013B3FA-6B75-4109-A771-A8C31EC8BBE8}"
EndProject
Project("{2150E333-8FDC-42A3-9474-1A3956D46DE8}") = "9. For loop", "9. For loop", "{71C08A6E-5B95-4271-A775-B1FD33F25494}"
EndProject
Project("{9A19103F-16F7-4668-BE54-9A1E7A4F7556}") = "9. For loop", "9. For loop\9. For loop.csproj", "{AF491B14-B0F8-45C8-A008-50073C7E6C08}"
EndProject
Project("{2150E333-8FDC-42A3-9474-1A3956D46DE8}") = "10 . Arrays", "10 . Arrays", "{D6A61ED7-110B-4B45-97BD-D0ADA235A01E}"
EndProject
Project("{9A19103F-16F7-4668-BE54-9A1E7A4F7556}") = "10. Arrays", "10. Arrays\10. Arrays.csproj", "{995F42AE-7887-4973-9CAC-A3420ACD62AD}"
EndProject
Project("{2150E333-8FDC-42A3-9474-1A3956D46DE8}") = "11. Methods", "11. Methods", "{361BEDF0-F5CF-4F62-B045-95A0BB970B64}"
EndProject
Project("{9A19103F-16F7-4668-BE54-9A1E7A4F7556}") = "11. Methods", "11. Methods\11. Methods.csproj", "{F96E9BD2-C9A7-43C1-AC49-5E2362D31380}"
EndProject
Project("{9A19103F-16F7-4668-BE54-9A1E7A4F7556}") = "11. HelperMethods", "11. HelperMethods\11. HelperMethods.csproj", "{81F704B8-CEAB-4A15-BCDA-50748EBF9647}"
EndProject
Project("{2150E333-8FDC-42A3-9474-1A3956D46DE8}") = "12. While loop med menu", "12. While loop med menu", "{039321BC-DD9E-4607-8236-EECC690050AF}"
EndProject
Project("{9A19103F-16F7-4668-BE54-9A1E7A4F7556}") = "12. While loop", "12. While loop\12. While loop.csproj", "{CB1D4261-7DB1-4D68-8AC6-99B6DDA61BDF}"
EndProject
Project("{2150E333-8FDC-42A3-9474-1A3956D46DE8}") = "Overloaded methods", "Overloaded methods", "{0DBB71BA-A87D-4778-A2A4-18C78EC0CDE0}"
EndProject
Project("{9A19103F-16F7-4668-BE54-9A1E7A4F7556}") = "Overloaded methods", "Overloaded methods\Overloaded methods.csproj", "{45DEC6FF-98DB-4FFF-A115-023088DB0FAE}"
EndProject
Project("{2150E333-8FDC-42A3-9474-1A3956D46DE8}") = "13. Strings", "13. Strings", "{BBEEF987-A329-4540-A9A6-D50F8D44135C}"
EndProject
Project("{9A19103F-16F7-4668-BE54-9A1E7A4F7556}") = "13. Strings", "13. Strings\13. Strings.csproj", "{7931135F-2A65-4BA9-9AB0-035ECD44B681}"
EndProject
Project("{2150E333-8FDC-42A3-9474-1A3956D46DE8}") = "14. DateTime", "14. DateTime", "{420E5808-B6E8-4706-870E-FF1642E12589}"
EndProject
Project("{9A19103F-16F7-4668-BE54-9A1E7A4F7556}") = "14. DateTime", "14. DateTime\14. DateTime.csproj", "{A76F274D-6B87-4B26-B8FF-FE5789D471F2}"
EndProject
Project("{2150E333-8FDC-42A3-9474-1A3956D46DE8}") = "15. Class 1", "15. Class 1", "{FCF6040B-D937-4C59-98E0-48367530A1EF}"
EndProject
Project("{9A19103F-16F7-4668-BE54-9A1E7A4F7556}") = "15. Class 1", "15. Class\15. Class 1.csproj", "{E8F62288-9DA1-43BD-84B0-4F558540389B}"
EndProject
Project("{2150E333-8FDC-42A3-9474-1A3956D46DE8}") = "16. Class 2", "16. Class 2", "{0E863AB8-94B7-493C-B9B0-8716E44D2148}"
EndProject
Project("{9A19103F-16F7-4668-BE54-9A1E7A4F7556}") = "16. Class 2 - Referencer", "16. Class 2\16. Class 2 - Referencer.csproj", "{F4706AC6-41BA-4925-8508-6A170962FA6C}"
EndProject
Project("{9A19103F-16F7-4668-BE54-9A1E7A4F7556}") = "16. Class 2 - Constructor", "16. Class 2 - Constructor\16. Class 2 - Constructor.csproj", "{D8FA16CA-2D69-4354-A50B-3B0EB10537CA}"
EndProject
Project("{9A19103F-16F7-4668-BE54-9A1E7A4F7556}") = "16. Class 2 - Static keyword", "16. Class 2 - Static keyword\16. Class 2 - Static keyword.csproj", "{2A14963F-A04D-4B42-B2B0-C08CFC073C38}"
EndProject
Project("{2150E333-8FDC-42A3-9474-1A3956D46DE8}") = "17. Access modifier", "17. Access modifier", "{82AE10D0-5455-4851-890F-E42B499ED3D2}"
EndProject
Project("{FAE04EC0-301F-11D3-BF4B-00C04F79EFBC}") = "17. Access modifier", "17. scope & access modifier\17. Access modifier.csproj", "{BC7532EA-BB5F-4FA2-AE4A-A1DA742F764D}"
EndProject
Global
	GlobalSection(SolutionConfigurationPlatforms) = preSolution
		Debug|Any CPU = Debug|Any CPU
		Release|Any CPU = Release|Any CPU
	EndGlobalSection
	GlobalSection(ProjectConfigurationPlatforms) = postSolution
		{8C316C4D-27EA-456F-8663-CB7954818109}.Debug|Any CPU.ActiveCfg = Debug|Any CPU
		{8C316C4D-27EA-456F-8663-CB7954818109}.Debug|Any CPU.Build.0 = Debug|Any CPU
		{8C316C4D-27EA-456F-8663-CB7954818109}.Release|Any CPU.ActiveCfg = Release|Any CPU
		{8C316C4D-27EA-456F-8663-CB7954818109}.Release|Any CPU.Build.0 = Release|Any CPU
		{4AE2692A-DC9E-42A6-B6D5-CF72E2A5A608}.Debug|Any CPU.ActiveCfg = Debug|Any CPU
		{4AE2692A-DC9E-42A6-B6D5-CF72E2A5A608}.Debug|Any CPU.Build.0 = Debug|Any CPU
		{4AE2692A-DC9E-42A6-B6D5-CF72E2A5A608}.Release|Any CPU.ActiveCfg = Release|Any CPU
		{4AE2692A-DC9E-42A6-B6D5-CF72E2A5A608}.Release|Any CPU.Build.0 = Release|Any CPU
		{A109CF67-3A40-41B6-BED7-18F07EE5BB7C}.Debug|Any CPU.ActiveCfg = Debug|Any CPU
		{A109CF67-3A40-41B6-BED7-18F07EE5BB7C}.Debug|Any CPU.Build.0 = Debug|Any CPU
		{A109CF67-3A40-41B6-BED7-18F07EE5BB7C}.Release|Any CPU.ActiveCfg = Release|Any CPU
		{A109CF67-3A40-41B6-BED7-18F07EE5BB7C}.Release|Any CPU.Build.0 = Release|Any CPU
		{4D0B27D3-014D-4F05-BF46-41B88889260E}.Debug|Any CPU.ActiveCfg = Debug|Any CPU
		{4D0B27D3-014D-4F05-BF46-41B88889260E}.Debug|Any CPU.Build.0 = Debug|Any CPU
		{4D0B27D3-014D-4F05-BF46-41B88889260E}.Release|Any CPU.ActiveCfg = Release|Any CPU
		{4D0B27D3-014D-4F05-BF46-41B88889260E}.Release|Any CPU.Build.0 = Release|Any CPU
		{D97D253C-CF47-4F89-A25B-F00B31FA41E1}.Debug|Any CPU.ActiveCfg = Debug|Any CPU
		{D97D253C-CF47-4F89-A25B-F00B31FA41E1}.Debug|Any CPU.Build.0 = Debug|Any CPU
		{D97D253C-CF47-4F89-A25B-F00B31FA41E1}.Release|Any CPU.ActiveCfg = Release|Any CPU
		{D97D253C-CF47-4F89-A25B-F00B31FA41E1}.Release|Any CPU.Build.0 = Release|Any CPU
		{A60FF047-4CEC-4DB0-ADC7-AF2BE7274714}.Debug|Any CPU.ActiveCfg = Debug|Any CPU
		{A60FF047-4CEC-4DB0-ADC7-AF2BE7274714}.Debug|Any CPU.Build.0 = Debug|Any CPU
		{A60FF047-4CEC-4DB0-ADC7-AF2BE7274714}.Release|Any CPU.ActiveCfg = Release|Any CPU
		{A60FF047-4CEC-4DB0-ADC7-AF2BE7274714}.Release|Any CPU.Build.0 = Release|Any CPU
		{2013B3FA-6B75-4109-A771-A8C31EC8BBE8}.Debug|Any CPU.ActiveCfg = Debug|Any CPU
		{2013B3FA-6B75-4109-A771-A8C31EC8BBE8}.Debug|Any CPU.Build.0 = Debug|Any CPU
		{2013B3FA-6B75-4109-A771-A8C31EC8BBE8}.Release|Any CPU.ActiveCfg = Release|Any CPU
		{2013B3FA-6B75-4109-A771-A8C31EC8BBE8}.Release|Any CPU.Build.0 = Release|Any CPU
		{AF491B14-B0F8-45C8-A008-50073C7E6C08}.Debug|Any CPU.ActiveCfg = Debug|Any CPU
		{AF491B14-B0F8-45C8-A008-50073C7E6C08}.Debug|Any CPU.Build.0 = Debug|Any CPU
		{AF491B14-B0F8-45C8-A008-50073C7E6C08}.Release|Any CPU.ActiveCfg = Release|Any CPU
		{AF491B14-B0F8-45C8-A008-50073C7E6C08}.Release|Any CPU.Build.0 = Release|Any CPU
		{995F42AE-7887-4973-9CAC-A3420ACD62AD}.Debug|Any CPU.ActiveCfg = Debug|Any CPU
		{995F42AE-7887-4973-9CAC-A3420ACD62AD}.Debug|Any CPU.Build.0 = Debug|Any CPU
		{995F42AE-7887-4973-9CAC-A3420ACD62AD}.Release|Any CPU.ActiveCfg = Release|Any CPU
		{995F42AE-7887-4973-9CAC-A3420ACD62AD}.Release|Any CPU.Build.0 = Release|Any CPU
		{F96E9BD2-C9A7-43C1-AC49-5E2362D31380}.Debug|Any CPU.ActiveCfg = Debug|Any CPU
		{F96E9BD2-C9A7-43C1-AC49-5E2362D31380}.Debug|Any CPU.Build.0 = Debug|Any CPU
		{F96E9BD2-C9A7-43C1-AC49-5E2362D31380}.Release|Any CPU.ActiveCfg = Release|Any CPU
		{F96E9BD2-C9A7-43C1-AC49-5E2362D31380}.Release|Any CPU.Build.0 = Release|Any CPU
		{81F704B8-CEAB-4A15-BCDA-50748EBF9647}.Debug|Any CPU.ActiveCfg = Debug|Any CPU
		{81F704B8-CEAB-4A15-BCDA-50748EBF9647}.Debug|Any CPU.Build.0 = Debug|Any CPU
		{81F704B8-CEAB-4A15-BCDA-50748EBF9647}.Release|Any CPU.ActiveCfg = Release|Any CPU
		{81F704B8-CEAB-4A15-BCDA-50748EBF9647}.Release|Any CPU.Build.0 = Release|Any CPU
		{CB1D4261-7DB1-4D68-8AC6-99B6DDA61BDF}.Debug|Any CPU.ActiveCfg = Debug|Any CPU
		{CB1D4261-7DB1-4D68-8AC6-99B6DDA61BDF}.Debug|Any CPU.Build.0 = Debug|Any CPU
		{CB1D4261-7DB1-4D68-8AC6-99B6DDA61BDF}.Release|Any CPU.ActiveCfg = Release|Any CPU
		{CB1D4261-7DB1-4D68-8AC6-99B6DDA61BDF}.Release|Any CPU.Build.0 = Release|Any CPU
		{45DEC6FF-98DB-4FFF-A115-023088DB0FAE}.Debug|Any CPU.ActiveCfg = Debug|Any CPU
		{45DEC6FF-98DB-4FFF-A115-023088DB0FAE}.Debug|Any CPU.Build.0 = Debug|Any CPU
		{45DEC6FF-98DB-4FFF-A115-023088DB0FAE}.Release|Any CPU.ActiveCfg = Release|Any CPU
		{45DEC6FF-98DB-4FFF-A115-023088DB0FAE}.Release|Any CPU.Build.0 = Release|Any CPU
		{7931135F-2A65-4BA9-9AB0-035ECD44B681}.Debug|Any CPU.ActiveCfg = Debug|Any CPU
		{7931135F-2A65-4BA9-9AB0-035ECD44B681}.Debug|Any CPU.Build.0 = Debug|Any CPU
		{7931135F-2A65-4BA9-9AB0-035ECD44B681}.Release|Any CPU.ActiveCfg = Release|Any CPU
		{7931135F-2A65-4BA9-9AB0-035ECD44B681}.Release|Any CPU.Build.0 = Release|Any CPU
		{A76F274D-6B87-4B26-B8FF-FE5789D471F2}.Debug|Any CPU.ActiveCfg = Debug|Any CPU
		{A76F274D-6B87-4B26-B8FF-FE5789D471F2}.Debug|Any CPU.Build.0 = Debug|Any CPU
		{A76F274D-6B87-4B26-B8FF-FE5789D471F2}.Release|Any CPU.ActiveCfg = Release|Any CPU
		{A76F274D-6B87-4B26-B8FF-FE5789D471F2}.Release|Any CPU.Build.0 = Release|Any CPU
		{E8F62288-9DA1-43BD-84B0-4F558540389B}.Debug|Any CPU.ActiveCfg = Debug|Any CPU
		{E8F62288-9DA1-43BD-84B0-4F558540389B}.Debug|Any CPU.Build.0 = Debug|Any CPU
		{E8F62288-9DA1-43BD-84B0-4F558540389B}.Release|Any CPU.ActiveCfg = Release|Any CPU
		{E8F62288-9DA1-43BD-84B0-4F558540389B}.Release|Any CPU.Build.0 = Release|Any CPU
		{F4706AC6-41BA-4925-8508-6A170962FA6C}.Debug|Any CPU.ActiveCfg = Debug|Any CPU
		{F4706AC6-41BA-4925-8508-6A170962FA6C}.Debug|Any CPU.Build.0 = Debug|Any CPU
		{F4706AC6-41BA-4925-8508-6A170962FA6C}.Release|Any CPU.ActiveCfg = Release|Any CPU
		{F4706AC6-41BA-4925-8508-6A170962FA6C}.Release|Any CPU.Build.0 = Release|Any CPU
		{D8FA16CA-2D69-4354-A50B-3B0EB10537CA}.Debug|Any CPU.ActiveCfg = Debug|Any CPU
		{D8FA16CA-2D69-4354-A50B-3B0EB10537CA}.Debug|Any CPU.Build.0 = Debug|Any CPU
		{D8FA16CA-2D69-4354-A50B-3B0EB10537CA}.Release|Any CPU.ActiveCfg = Release|Any CPU
		{D8FA16CA-2D69-4354-A50B-3B0EB10537CA}.Release|Any CPU.Build.0 = Release|Any CPU
		{2A14963F-A04D-4B42-B2B0-C08CFC073C38}.Debug|Any CPU.ActiveCfg = Debug|Any CPU
		{2A14963F-A04D-4B42-B2B0-C08CFC073C38}.Debug|Any CPU.Build.0 = Debug|Any CPU
		{2A14963F-A04D-4B42-B2B0-C08CFC073C38}.Release|Any CPU.ActiveCfg = Release|Any CPU
		{2A14963F-A04D-4B42-B2B0-C08CFC073C38}.Release|Any CPU.Build.0 = Release|Any CPU
		{BC7532EA-BB5F-4FA2-AE4A-A1DA742F764D}.Debug|Any CPU.ActiveCfg = Debug|Any CPU
		{BC7532EA-BB5F-4FA2-AE4A-A1DA742F764D}.Debug|Any CPU.Build.0 = Debug|Any CPU
		{BC7532EA-BB5F-4FA2-AE4A-A1DA742F764D}.Release|Any CPU.ActiveCfg = Release|Any CPU
		{BC7532EA-BB5F-4FA2-AE4A-A1DA742F764D}.Release|Any CPU.Build.0 = Release|Any CPU
	EndGlobalSection
	GlobalSection(SolutionProperties) = preSolution
		HideSolutionNode = FALSE
	EndGlobalSection
	GlobalSection(NestedProjects) = preSolution
		{8C316C4D-27EA-456F-8663-CB7954818109} = {B648CA7A-6524-4FBA-99C4-DC713B09DD87}
		{4AE2692A-DC9E-42A6-B6D5-CF72E2A5A608} = {6CF2AE14-EC3B-4598-8D76-05BCCCBE81FC}
		{A109CF67-3A40-41B6-BED7-18F07EE5BB7C} = {5AFA1A4B-DF8C-4B32-B369-D2DA2EA4EF75}
		{4D0B27D3-014D-4F05-BF46-41B88889260E} = {73BCA01B-2F0D-4DBD-B9E2-F5D6947D329C}
		{D97D253C-CF47-4F89-A25B-F00B31FA41E1} = {FE3F780F-DBAD-48A9-8334-C76374471A5A}
		{A60FF047-4CEC-4DB0-ADC7-AF2BE7274714} = {4CC5CD6B-F675-4352-9BCC-C18CD95795AB}
		{2013B3FA-6B75-4109-A771-A8C31EC8BBE8} = {A9BC3064-CC87-4F37-A423-212A9488B3A6}
		{AF491B14-B0F8-45C8-A008-50073C7E6C08} = {71C08A6E-5B95-4271-A775-B1FD33F25494}
		{995F42AE-7887-4973-9CAC-A3420ACD62AD} = {D6A61ED7-110B-4B45-97BD-D0ADA235A01E}
		{F96E9BD2-C9A7-43C1-AC49-5E2362D31380} = {361BEDF0-F5CF-4F62-B045-95A0BB970B64}
		{81F704B8-CEAB-4A15-BCDA-50748EBF9647} = {361BEDF0-F5CF-4F62-B045-95A0BB970B64}
		{CB1D4261-7DB1-4D68-8AC6-99B6DDA61BDF} = {039321BC-DD9E-4607-8236-EECC690050AF}
		{45DEC6FF-98DB-4FFF-A115-023088DB0FAE} = {0DBB71BA-A87D-4778-A2A4-18C78EC0CDE0}
		{7931135F-2A65-4BA9-9AB0-035ECD44B681} = {BBEEF987-A329-4540-A9A6-D50F8D44135C}
		{A76F274D-6B87-4B26-B8FF-FE5789D471F2} = {420E5808-B6E8-4706-870E-FF1642E12589}
		{E8F62288-9DA1-43BD-84B0-4F558540389B} = {FCF6040B-D937-4C59-98E0-48367530A1EF}
		{F4706AC6-41BA-4925-8508-6A170962FA6C} = {0E863AB8-94B7-493C-B9B0-8716E44D2148}
		{D8FA16CA-2D69-4354-A50B-3B0EB10537CA} = {0E863AB8-94B7-493C-B9B0-8716E44D2148}
		{2A14963F-A04D-4B42-B2B0-C08CFC073C38} = {0E863AB8-94B7-493C-B9B0-8716E44D2148}
		{BC7532EA-BB5F-4FA2-AE4A-A1DA742F764D} = {82AE10D0-5455-4851-890F-E42B499ED3D2}
	EndGlobalSection
	GlobalSection(ExtensibilityGlobals) = postSolution
		SolutionGuid = {46E86E11-FD58-4C8E-9287-7004A9F756E8}
	EndGlobalSection
EndGlobal
